Microsoft Visual Studio Solution File, Format Version 12.00
# Visual Studio 2013
VisualStudioVersion = 12.0.31101.0
MinimumVisualStudioVersion = 10.0.40219.1
Project("{FAE04EC0-301F-11D3-BF4B-00C04F79EFBC}") = "AtomicNET", "AtomicNET\AtomicNET.csproj", "{AA1D8ECE-8D02-44E8-9DE1-D33C2F8BFD1F}"
EndProject
Global
	GlobalSection(SolutionConfigurationPlatforms) = preSolution
		Debug|Any CPU = Debug|Any CPU
		Release|Any CPU = Release|Any CPU
	EndGlobalSection
	GlobalSection(ProjectConfigurationPlatforms) = postSolution
		{AA1D8ECE-8D02-44E8-9DE1-D33C2F8BFD1F}.Debug|Any CPU.ActiveCfg = Debug|Any CPU
		{AA1D8ECE-8D02-44E8-9DE1-D33C2F8BFD1F}.Debug|Any CPU.Build.0 = Debug|Any CPU
		{AA1D8ECE-8D02-44E8-9DE1-D33C2F8BFD1F}.Release|Any CPU.ActiveCfg = Release|Any CPU
		{AA1D8ECE-8D02-44E8-9DE1-D33C2F8BFD1F}.Release|Any CPU.Build.0 = Release|Any CPU
	EndGlobalSection
	GlobalSection(SolutionProperties) = preSolution
		HideSolutionNode = FALSE
	EndGlobalSection
EndGlobal
